// !$*UTF8*$!
{
	archiveVersion = 1;
	classes = {
	};
	objectVersion = 46;
	objects = {

/* Begin PBXBuildFile section */
		37CB879118A34AAF00407843 /* Foundation.framework in Frameworks */ = {isa = PBXBuildFile; fileRef = 37CB879018A34AAF00407843 /* Foundation.framework */; };
		37CB879318A34AAF00407843 /* CoreGraphics.framework in Frameworks */ = {isa = PBXBuildFile; fileRef = 37CB879218A34AAF00407843 /* CoreGraphics.framework */; };
		37CB879518A34AAF00407843 /* UIKit.framework in Frameworks */ = {isa = PBXBuildFile; fileRef = 37CB879418A34AAF00407843 /* UIKit.framework */; };
		37CB879B18A34AAF00407843 /* InfoPlist.strings in Resources */ = {isa = PBXBuildFile; fileRef = 37CB879918A34AAF00407843 /* InfoPlist.strings */; };
		37CB879D18A34AAF00407843 /* main.m in Sources */ = {isa = PBXBuildFile; fileRef = 37CB879C18A34AAF00407843 /* main.m */; };
		37CB87A118A34AAF00407843 /* A1AppDelegate.m in Sources */ = {isa = PBXBuildFile; fileRef = 37CB87A018A34AAF00407843 /* A1AppDelegate.m */; };
		37CB87A418A34AAF00407843 /* Main.storyboard in Resources */ = {isa = PBXBuildFile; fileRef = 37CB87A218A34AAF00407843 /* Main.storyboard */; };
		37CB87A718A34AAF00407843 /* A1ViewController.m in Sources */ = {isa = PBXBuildFile; fileRef = 37CB87A618A34AAF00407843 /* A1ViewController.m */; };
		37CB87A918A34AAF00407843 /* Images.xcassets in Resources */ = {isa = PBXBuildFile; fileRef = 37CB87A818A34AAF00407843 /* Images.xcassets */; };
		37CB87B018A34AAF00407843 /* XCTest.framework in Frameworks */ = {isa = PBXBuildFile; fileRef = 37CB87AF18A34AAF00407843 /* XCTest.framework */; };
		37CB87B118A34AAF00407843 /* Foundation.framework in Frameworks */ = {isa = PBXBuildFile; fileRef = 37CB879018A34AAF00407843 /* Foundation.framework */; };
		37CB87B218A34AAF00407843 /* UIKit.framework in Frameworks */ = {isa = PBXBuildFile; fileRef = 37CB879418A34AAF00407843 /* UIKit.framework */; };
		37CB87BA18A34AAF00407843 /* InfoPlist.strings in Resources */ = {isa = PBXBuildFile; fileRef = 37CB87B818A34AAF00407843 /* InfoPlist.strings */; };
		37CB87BC18A34AAF00407843 /* Assignment1Tests.m in Sources */ = {isa = PBXBuildFile; fileRef = 37CB87BB18A34AAF00407843 /* Assignment1Tests.m */; };
/* End PBXBuildFile section */

/* Begin PBXContainerItemProxy section */
		37CB87B318A34AAF00407843 /* PBXContainerItemProxy */ = {
			isa = PBXContainerItemProxy;
			containerPortal = 37CB878518A34AAF00407843 /* Project object */;
			proxyType = 1;
			remoteGlobalIDString = 37CB878C18A34AAF00407843;
			remoteInfo = Assignment1;
		};
/* End PBXContainerItemProxy section */

/* Begin PBXFileReference section */
		37CB878D18A34AAF00407843 /* Assignment1.app */ = {isa = PBXFileReference; explicitFileType = wrapper.application; includeInIndex = 0; path = Assignment1.app; sourceTree = BUILT_PRODUCTS_DIR; };
		37CB879018A34AAF00407843 /* Foundation.framework */ = {isa = PBXFileReference; lastKnownFileType = wrapper.framework; name = Foundation.framework; path = System/Library/Frameworks/Foundation.framework; sourceTree = SDKROOT; };
		37CB879218A34AAF00407843 /* CoreGraphics.framework */ = {isa = PBXFileReference; lastKnownFileType = wrapper.framework; name = CoreGraphics.framework; path = System/Library/Frameworks/CoreGraphics.framework; sourceTree = SDKROOT; };
		37CB879418A34AAF00407843 /* UIKit.framework */ = {isa = PBXFileReference; lastKnownFileType = wrapper.framework; name = UIKit.framework; path = System/Library/Frameworks/UIKit.framework; sourceTree = SDKROOT; };
		37CB879818A34AAF00407843 /* Assignment1-Info.plist */ = {isa = PBXFileReference; lastKnownFileType = text.plist.xml; path = "Assignment1-Info.plist"; sourceTree = "<group>"; };
		37CB879A18A34AAF00407843 /* en */ = {isa = PBXFileReference; lastKnownFileType = text.plist.strings; name = en; path = en.lproj/InfoPlist.strings; sourceTree = "<group>"; };
		37CB879C18A34AAF00407843 /* main.m */ = {isa = PBXFileReference; lastKnownFileType = sourcecode.c.objc; path = main.m; sourceTree = "<group>"; };
		37CB879E18A34AAF00407843 /* Assignment1-Prefix.pch */ = {isa = PBXFileReference; lastKnownFileType = sourcecode.c.h; path = "Assignment1-Prefix.pch"; sourceTree = "<group>"; };
		37CB879F18A34AAF00407843 /* A1AppDelegate.h */ = {isa = PBXFileReference; lastKnownFileType = sourcecode.c.h; path = A1AppDelegate.h; sourceTree = "<group>"; };
		37CB87A018A34AAF00407843 /* A1AppDelegate.m */ = {isa = PBXFileReference; lastKnownFileType = sourcecode.c.objc; path = A1AppDelegate.m; sourceTree = "<group>"; };
		37CB87A318A34AAF00407843 /* Base */ = {isa = PBXFileReference; lastKnownFileType = file.storyboard; name = Base; path = Base.lproj/Main.storyboard; sourceTree = "<group>"; };
		37CB87A518A34AAF00407843 /* A1ViewController.h */ = {isa = PBXFileReference; lastKnownFileType = sourcecode.c.h; path = A1ViewController.h; sourceTree = "<group>"; };
		37CB87A618A34AAF00407843 /* A1ViewController.m */ = {isa = PBXFileReference; lastKnownFileType = sourcecode.c.objc; path = A1ViewController.m; sourceTree = "<group>"; };
		37CB87A818A34AAF00407843 /* Images.xcassets */ = {isa = PBXFileReference; lastKnownFileType = folder.assetcatalog; path = Images.xcassets; sourceTree = "<group>"; };
		37CB87AE18A34AAF00407843 /* Assignment1Tests.xctest */ = {isa = PBXFileReference; explicitFileType = wrapper.cfbundle; includeInIndex = 0; path = Assignment1Tests.xctest; sourceTree = BUILT_PRODUCTS_DIR; };
		37CB87AF18A34AAF00407843 /* XCTest.framework */ = {isa = PBXFileReference; lastKnownFileType = wrapper.framework; name = XCTest.framework; path = Library/Frameworks/XCTest.framework; sourceTree = DEVELOPER_DIR; };
		37CB87B718A34AAF00407843 /* Assignment1Tests-Info.plist */ = {isa = PBXFileReference; lastKnownFileType = text.plist.xml; path = "Assignment1Tests-Info.plist"; sourceTree = "<group>"; };
		37CB87B918A34AAF00407843 /* en */ = {isa = PBXFileReference; lastKnownFileType = text.plist.strings; name = en; path = en.lproj/InfoPlist.strings; sourceTree = "<group>"; };
		37CB87BB18A34AAF00407843 /* Assignment1Tests.m */ = {isa = PBXFileReference; lastKnownFileType = sourcecode.c.objc; path = Assignment1Tests.m; sourceTree = "<group>"; };
/* End PBXFileReference section */

/* Begin PBXFrameworksBuildPhase section */
		37CB878A18A34AAF00407843 /* Frameworks */ = {
			isa = PBXFrameworksBuildPhase;
			buildActionMask = 2147483647;
			files = (
				37CB879318A34AAF00407843 /* CoreGraphics.framework in Frameworks */,
				37CB879518A34AAF00407843 /* UIKit.framework in Frameworks */,
				37CB879118A34AAF00407843 /* Foundation.framework in Frameworks */,
			);
			runOnlyForDeploymentPostprocessing = 0;
		};
		37CB87AB18A34AAF00407843 /* Frameworks */ = {
			isa = PBXFrameworksBuildPhase;
			buildActionMask = 2147483647;
			files = (
				37CB87B018A34AAF00407843 /* XCTest.framework in Frameworks */,
				37CB87B218A34AAF00407843 /* UIKit.framework in Frameworks */,
				37CB87B118A34AAF00407843 /* Foundation.framework in Frameworks */,
			);
			runOnlyForDeploymentPostprocessing = 0;
		};
/* End PBXFrameworksBuildPhase section */

/* Begin PBXGroup section */
		37CB878418A34AAF00407843 = {
			isa = PBXGroup;
			children = (
				37CB879618A34AAF00407843 /* Assignment1 */,
				37CB87B518A34AAF00407843 /* Assignment1Tests */,
				37CB878F18A34AAF00407843 /* Frameworks */,
				37CB878E18A34AAF00407843 /* Products */,
			);
			sourceTree = "<group>";
		};
		37CB878E18A34AAF00407843 /* Products */ = {
			isa = PBXGroup;
			children = (
				37CB878D18A34AAF00407843 /* Assignment1.app */,
				37CB87AE18A34AAF00407843 /* Assignment1Tests.xctest */,
			);
			name = Products;
			sourceTree = "<group>";
		};
		37CB878F18A34AAF00407843 /* Frameworks */ = {
			isa = PBXGroup;
			children = (
				37CB879018A34AAF00407843 /* Foundation.framework */,
				37CB879218A34AAF00407843 /* CoreGraphics.framework */,
				37CB879418A34AAF00407843 /* UIKit.framework */,
				37CB87AF18A34AAF00407843 /* XCTest.framework */,
			);
			name = Frameworks;
			sourceTree = "<group>";
		};
		37CB879618A34AAF00407843 /* Assignment1 */ = {
			isa = PBXGroup;
			children = (
				37CB879F18A34AAF00407843 /* A1AppDelegate.h */,
				37CB87A018A34AAF00407843 /* A1AppDelegate.m */,
				37CB87A218A34AAF00407843 /* Main.storyboard */,
				37CB87A518A34AAF00407843 /* A1ViewController.h */,
				37CB87A618A34AAF00407843 /* A1ViewController.m */,
				37CB87A818A34AAF00407843 /* Images.xcassets */,
				37CB879718A34AAF00407843 /* Supporting Files */,
			);
			path = Assignment1;
			sourceTree = "<group>";
		};
		37CB879718A34AAF00407843 /* Supporting Files */ = {
			isa = PBXGroup;
			children = (
				37CB879818A34AAF00407843 /* Assignment1-Info.plist */,
				37CB879918A34AAF00407843 /* InfoPlist.strings */,
				37CB879C18A34AAF00407843 /* main.m */,
				37CB879E18A34AAF00407843 /* Assignment1-Prefix.pch */,
			);
			name = "Supporting Files";
			sourceTree = "<group>";
		};
		37CB87B518A34AAF00407843 /* Assignment1Tests */ = {
			isa = PBXGroup;
			children = (
				37CB87BB18A34AAF00407843 /* Assignment1Tests.m */,
				37CB87B618A34AAF00407843 /* Supporting Files */,
			);
			path = Assignment1Tests;
			sourceTree = "<group>";
		};
		37CB87B618A34AAF00407843 /* Supporting Files */ = {
			isa = PBXGroup;
			children = (
				37CB87B718A34AAF00407843 /* Assignment1Tests-Info.plist */,
				37CB87B818A34AAF00407843 /* InfoPlist.strings */,
			);
			name = "Supporting Files";
			sourceTree = "<group>";
		};
/* End PBXGroup section */

/* Begin PBXNativeTarget section */
		37CB878C18A34AAF00407843 /* Assignment1 */ = {
			isa = PBXNativeTarget;
			buildConfigurationList = 37CB87BF18A34AAF00407843 /* Build configuration list for PBXNativeTarget "Assignment1" */;
			buildPhases = (
				37CB878918A34AAF00407843 /* Sources */,
				37CB878A18A34AAF00407843 /* Frameworks */,
				37CB878B18A34AAF00407843 /* Resources */,
			);
			buildRules = (
			);
			dependencies = (
			);
			name = Assignment1;
			productName = Assignment1;
			productReference = 37CB878D18A34AAF00407843 /* Assignment1.app */;
			productType = "com.apple.product-type.application";
		};
		37CB87AD18A34AAF00407843 /* Assignment1Tests */ = {
			isa = PBXNativeTarget;
			buildConfigurationList = 37CB87C218A34AAF00407843 /* Build configuration list for PBXNativeTarget "Assignment1Tests" */;
			buildPhases = (
				37CB87AA18A34AAF00407843 /* Sources */,
				37CB87AB18A34AAF00407843 /* Frameworks */,
				37CB87AC18A34AAF00407843 /* Resources */,
			);
			buildRules = (
			);
			dependencies = (
				37CB87B418A34AAF00407843 /* PBXTargetDependency */,
			);
			name = Assignment1Tests;
			productName = Assignment1Tests;
			productReference = 37CB87AE18A34AAF00407843 /* Assignment1Tests.xctest */;
			productType = "com.apple.product-type.bundle.unit-test";
		};
/* End PBXNativeTarget section */

/* Begin PBXProject section */
		37CB878518A34AAF00407843 /* Project object */ = {
			isa = PBXProject;
			attributes = {
				CLASSPREFIX = A1;
				LastUpgradeCheck = 0500;
				ORGANIZATIONNAME = Sharkbait;
				TargetAttributes = {
					37CB87AD18A34AAF00407843 = {
						TestTargetID = 37CB878C18A34AAF00407843;
					};
				};
			};
			buildConfigurationList = 37CB878818A34AAF00407843 /* Build configuration list for PBXProject "Assignment1" */;
			compatibilityVersion = "Xcode 3.2";
			developmentRegion = English;
			hasScannedForEncodings = 0;
			knownRegions = (
				en,
				Base,
			);
			mainGroup = 37CB878418A34AAF00407843;
			productRefGroup = 37CB878E18A34AAF00407843 /* Products */;
			projectDirPath = "";
			projectRoot = "";
			targets = (
				37CB878C18A34AAF00407843 /* Assignment1 */,
				37CB87AD18A34AAF00407843 /* Assignment1Tests */,
			);
		};
/* End PBXProject section */

/* Begin PBXResourcesBuildPhase section */
		37CB878B18A34AAF00407843 /* Resources */ = {
			isa = PBXResourcesBuildPhase;
			buildActionMask = 2147483647;
			files = (
				37CB87A918A34AAF00407843 /* Images.xcassets in Resources */,
				37CB879B18A34AAF00407843 /* InfoPlist.strings in Resources */,
				37CB87A418A34AAF00407843 /* Main.storyboard in Resources */,
			);
			runOnlyForDeploymentPostprocessing = 0;
		};
		37CB87AC18A34AAF00407843 /* Resources */ = {
			isa = PBXResourcesBuildPhase;
			buildActionMask = 2147483647;
			files = (
				37CB87BA18A34AAF00407843 /* InfoPlist.strings in Resources */,
			);
			runOnlyForDeploymentPostprocessing = 0;
		};
/* End PBXResourcesBuildPhase section */

/* Begin PBXSourcesBuildPhase section */
		37CB878918A34AAF00407843 /* Sources */ = {
			isa = PBXSourcesBuildPhase;
			buildActionMask = 2147483647;
			files = (
				37CB87A118A34AAF00407843 /* A1AppDelegate.m in Sources */,
				37CB879D18A34AAF00407843 /* main.m in Sources */,
				37CB87A718A34AAF00407843 /* A1ViewController.m in Sources */,
			);
			runOnlyForDeploymentPostprocessing = 0;
		};
		37CB87AA18A34AAF00407843 /* Sources */ = {
			isa = PBXSourcesBuildPhase;
			buildActionMask = 2147483647;
			files = (
				37CB87BC18A34AAF00407843 /* Assignment1Tests.m in Sources */,
			);
			runOnlyForDeploymentPostprocessing = 0;
		};
/* End PBXSourcesBuildPhase section */

/* Begin PBXTargetDependency section */
		37CB87B418A34AAF00407843 /* PBXTargetDependency */ = {
			isa = PBXTargetDependency;
			target = 37CB878C18A34AAF00407843 /* Assignment1 */;
			targetProxy = 37CB87B318A34AAF00407843 /* PBXContainerItemProxy */;
		};
/* End PBXTargetDependency section */

/* Begin PBXVariantGroup section */
		37CB879918A34AAF00407843 /* InfoPlist.strings */ = {
			isa = PBXVariantGroup;
			children = (
				37CB879A18A34AAF00407843 /* en */,
			);
			name = InfoPlist.strings;
			sourceTree = "<group>";
		};
		37CB87A218A34AAF00407843 /* Main.storyboard */ = {
			isa = PBXVariantGroup;
			children = (
				37CB87A318A34AAF00407843 /* Base */,
			);
			name = Main.storyboard;
			sourceTree = "<group>";
		};
		37CB87B818A34AAF00407843 /* InfoPlist.strings */ = {
			isa = PBXVariantGroup;
			children = (
				37CB87B918A34AAF00407843 /* en */,
			);
			name = InfoPlist.strings;
			sourceTree = "<group>";
		};
/* End PBXVariantGroup section */

/* Begin XCBuildConfiguration section */
		37CB87BD18A34AAF00407843 /* Debug */ = {
			isa = XCBuildConfiguration;
			buildSettings = {
				ALWAYS_SEARCH_USER_PATHS = NO;
				ARCHS = "$(ARCHS_STANDARD_INCLUDING_64_BIT)";
				CLANG_CXX_LANGUAGE_STANDARD = "gnu++0x";
				CLANG_CXX_LIBRARY = "libc++";
				CLANG_ENABLE_MODULES = YES;
				CLANG_ENABLE_OBJC_ARC = YES;
				CLANG_WARN_BOOL_CONVERSION = YES;
				CLANG_WARN_CONSTANT_CONVERSION = YES;
				CLANG_WARN_DIRECT_OBJC_ISA_USAGE = YES_ERROR;
				CLANG_WARN_EMPTY_BODY = YES;
				CLANG_WARN_ENUM_CONVERSION = YES;
				CLANG_WARN_INT_CONVERSION = YES;
				CLANG_WARN_OBJC_ROOT_CLASS = YES_ERROR;
				CLANG_WARN__DUPLICATE_METHOD_MATCH = YES;
				"CODE_SIGN_IDENTITY[sdk=iphoneos*]" = "iPhone Developer";
				COPY_PHASE_STRIP = NO;
				GCC_C_LANGUAGE_STANDARD = gnu99;
				GCC_DYNAMIC_NO_PIC = NO;
				GCC_OPTIMIZATION_LEVEL = 0;
				GCC_PREPROCESSOR_DEFINITIONS = (
					"DEBUG=1",
					"$(inherited)",
				);
				GCC_SYMBOLS_PRIVATE_EXTERN = NO;
				GCC_WARN_64_TO_32_BIT_CONVERSION = YES;
				GCC_WARN_ABOUT_RETURN_TYPE = YES_ERROR;
				GCC_WARN_UNDECLARED_SELECTOR = YES;
				GCC_WARN_UNINITIALIZED_AUTOS = YES;
				GCC_WARN_UNUSED_FUNCTION = YES;
				GCC_WARN_UNUSED_VARIABLE = YES;
				IPHONEOS_DEPLOYMENT_TARGET = 7.0;
				ONLY_ACTIVE_ARCH = YES;
				SDKROOT = iphoneos;
			};
			name = Debug;
		};
		37CB87BE18A34AAF00407843 /* Release */ = {
			isa = XCBuildConfiguration;
			buildSettings = {
				ALWAYS_SEARCH_USER_PATHS = NO;
				ARCHS = "$(ARCHS_STANDARD_INCLUDING_64_BIT)";
				CLANG_CXX_LANGUAGE_STANDARD = "gnu++0x";
				CLANG_CXX_LIBRARY = "libc++";
				CLANG_ENABLE_MODULES = YES;
				CLANG_ENABLE_OBJC_ARC = YES;
				CLANG_WARN_BOOL_CONVERSION = YES;
				CLANG_WARN_CONSTANT_CONVERSION = YES;
				CLANG_WARN_DIRECT_OBJC_ISA_USAGE = YES_ERROR;
				CLANG_WARN_EMPTY_BODY = YES;
				CLANG_WARN_ENUM_CONVERSION = YES;
				CLANG_WARN_INT_CONVERSION = YES;
				CLANG_WARN_OBJC_ROOT_CLASS = YES_ERROR;
				CLANG_WARN__DUPLICATE_METHOD_MATCH = YES;
				"CODE_SIGN_IDENTITY[sdk=iphoneos*]" = "iPhone Developer";
				COPY_PHASE_STRIP = YES;
				ENABLE_NS_ASSERTIONS = NO;
				GCC_C_LANGUAGE_STANDARD = gnu99;
				GCC_WARN_64_TO_32_BIT_CONVERSION = YES;
				GCC_WARN_ABOUT_RETURN_TYPE = YES_ERROR;
				GCC_WARN_UNDECLARED_SELECTOR = YES;
				GCC_WARN_UNINITIALIZED_AUTOS = YES;
				GCC_WARN_UNUSED_FUNCTION = YES;
				GCC_WARN_UNUSED_VARIABLE = YES;
				IPHONEOS_DEPLOYMENT_TARGET = 7.0;
				SDKROOT = iphoneos;
				VALIDATE_PRODUCT = YES;
			};
			name = Release;
		};
		37CB87C018A34AAF00407843 /* Debug */ = {
			isa = XCBuildConfiguration;
			buildSettings = {
				ASSETCATALOG_COMPILER_APPICON_NAME = AppIcon;
				ASSETCATALOG_COMPILER_LAUNCHIMAGE_NAME = LaunchImage;
				GCC_PRECOMPILE_PREFIX_HEADER = YES;
				GCC_PREFIX_HEADER = "Assignment1/Assignment1-Prefix.pch";
				INFOPLIST_FILE = "Assignment1/Assignment1-Info.plist";
				PRODUCT_NAME = "$(TARGET_NAME)";
				WRAPPER_EXTENSION = app;
			};
			name = Debug;
		};
		37CB87C118A34AAF00407843 /* Release */ = {
			isa = XCBuildConfiguration;
			buildSettings = {
				ASSETCATALOG_COMPILER_APPICON_NAME = AppIcon;
				ASSETCATALOG_COMPILER_LAUNCHIMAGE_NAME = LaunchImage;
				GCC_PRECOMPILE_PREFIX_HEADER = YES;
				GCC_PREFIX_HEADER = "Assignment1/Assignment1-Prefix.pch";
				INFOPLIST_FILE = "Assignment1/Assignment1-Info.plist";
				PRODUCT_NAME = "$(TARGET_NAME)";
				WRAPPER_EXTENSION = app;
			};
			name = Release;
		};
		37CB87C318A34AAF00407843 /* Debug */ = {
			isa = XCBuildConfiguration;
			buildSettings = {
				ARCHS = "$(ARCHS_STANDARD_INCLUDING_64_BIT)";
				BUNDLE_LOADER = "$(BUILT_PRODUCTS_DIR)/Assignment1.app/Assignment1";
				FRAMEWORK_SEARCH_PATHS = (
					"$(SDKROOT)/Developer/Library/Frameworks",
					"$(inherited)",
					"$(DEVELOPER_FRAMEWORKS_DIR)",
				);
				GCC_PRECOMPILE_PREFIX_HEADER = YES;
				GCC_PREFIX_HEADER = "Assignment1/Assignment1-Prefix.pch";
				GCC_PREPROCESSOR_DEFINITIONS = (
					"DEBUG=1",
					"$(inherited)",
				);
				INFOPLIST_FILE = "Assignment1Tests/Assignment1Tests-Info.plist";
				PRODUCT_NAME = "$(TARGET_NAME)";
				TEST_HOST = "$(BUNDLE_LOADER)";
				WRAPPER_EXTENSION = xctest;
			};
			name = Debug;
		};
		37CB87C418A34AAF00407843 /* Release */ = {
			isa = XCBuildConfiguration;
			buildSettings = {
				ARCHS = "$(ARCHS_STANDARD_INCLUDING_64_BIT)";
				BUNDLE_LOADER = "$(BUILT_PRODUCTS_DIR)/Assignment1.app/Assignment1";
				FRAMEWORK_SEARCH_PATHS = (
					"$(SDKROOT)/Developer/Library/Frameworks",
					"$(inherited)",
					"$(DEVELOPER_FRAMEWORKS_DIR)",
				);
				GCC_PRECOMPILE_PREFIX_HEADER = YES;
				GCC_PREFIX_HEADER = "Assignment1/Assignment1-Prefix.pch";
				INFOPLIST_FILE = "Assignment1Tests/Assignment1Tests-Info.plist";
				PRODUCT_NAME = "$(TARGET_NAME)";
				TEST_HOST = "$(BUNDLE_LOADER)";
				WRAPPER_EXTENSION = xctest;
			};
			name = Release;
		};
/* End XCBuildConfiguration section */

/* Begin XCConfigurationList section */
		37CB878818A34AAF00407843 /* Build configuration list for PBXProject "Assignment1" */ = {
			isa = XCConfigurationList;
			buildConfigurations = (
				37CB87BD18A34AAF00407843 /* Debug */,
				37CB87BE18A34AAF00407843 /* Release */,
			);
			defaultConfigurationIsVisible = 0;
			defaultConfigurationName = Release;
		};
		37CB87BF18A34AAF00407843 /* Build configuration list for PBXNativeTarget "Assignment1" */ = {
			isa = XCConfigurationList;
			buildConfigurations = (
				37CB87C018A34AAF00407843 /* Debug */,
				37CB87C118A34AAF00407843 /* Release */,
			);
			defaultConfigurationIsVisible = 0;
		};
		37CB87C218A34AAF00407843 /* Build configuration list for PBXNativeTarget "Assignment1Tests" */ = {
			isa = XCConfigurationList;
			buildConfigurations = (
				37CB87C318A34AAF00407843 /* Debug */,
				37CB87C418A34AAF00407843 /* Release */,
			);
			defaultConfigurationIsVisible = 0;
		};
/* End XCConfigurationList section */
	};
	rootObject = 37CB878518A34AAF00407843 /* Project object */;
}
